
Microsoft Visual Studio Solution File, Format Version 12.00
# Visual Studio 15
VisualStudioVersion = 15.0.26730.12
MinimumVisualStudioVersion = 10.0.40219.1
Project("{8BC9CEB8-8B4A-11D0-8D11-00A0C91BC942}") = "Program 1 Graph Representation", "Program 1 Graph Representation\Program 1 Graph Representation.vcxproj", "{6417B6A7-1280-4BFE-A91E-4CB590F51528}"
EndProject
Project("{8BC9CEB8-8B4A-11D0-8D11-00A0C91BC942}") = "Program 2 Breadth-First Search", "Program 2 Breadth-First Search\Program 2 Breadth-First Search.vcxproj", "{A91C7A39-6661-448D-A11B-ECAE2B2100FF}"
EndProject
Global
	GlobalSection(SolutionConfigurationPlatforms) = preSolution
		Debug|x64 = Debug|x64
		Debug|x86 = Debug|x86
		Release|x64 = Release|x64
		Release|x86 = Release|x86
	EndGlobalSection
	GlobalSection(ProjectConfigurationPlatforms) = postSolution
		{6417B6A7-1280-4BFE-A91E-4CB590F51528}.Debug|x64.ActiveCfg = Debug|x64
		{6417B6A7-1280-4BFE-A91E-4CB590F51528}.Debug|x64.Build.0 = Debug|x64
		{6417B6A7-1280-4BFE-A91E-4CB590F51528}.Debug|x86.ActiveCfg = Debug|Win32
		{6417B6A7-1280-4BFE-A91E-4CB590F51528}.Debug|x86.Build.0 = Debug|Win32
		{6417B6A7-1280-4BFE-A91E-4CB590F51528}.Release|x64.ActiveCfg = Release|x64
		{6417B6A7-1280-4BFE-A91E-4CB590F51528}.Release|x64.Build.0 = Release|x64
		{6417B6A7-1280-4BFE-A91E-4CB590F51528}.Release|x86.ActiveCfg = Release|Win32
		{6417B6A7-1280-4BFE-A91E-4CB590F51528}.Release|x86.Build.0 = Release|Win32
		{A91C7A39-6661-448D-A11B-ECAE2B2100FF}.Debug|x64.ActiveCfg = Debug|x64
		{A91C7A39-6661-448D-A11B-ECAE2B2100FF}.Debug|x64.Build.0 = Debug|x64
		{A91C7A39-6661-448D-A11B-ECAE2B2100FF}.Debug|x86.ActiveCfg = Debug|Win32
		{A91C7A39-6661-448D-A11B-ECAE2B2100FF}.Debug|x86.Build.0 = Debug|Win32
		{A91C7A39-6661-448D-A11B-ECAE2B2100FF}.Release|x64.ActiveCfg = Release|x64
		{A91C7A39-6661-448D-A11B-ECAE2B2100FF}.Release|x64.Build.0 = Release|x64
		{A91C7A39-6661-448D-A11B-ECAE2B2100FF}.Release|x86.ActiveCfg = Release|Win32
		{A91C7A39-6661-448D-A11B-ECAE2B2100FF}.Release|x86.Build.0 = Release|Win32
	EndGlobalSection
	GlobalSection(SolutionProperties) = preSolution
		HideSolutionNode = FALSE
	EndGlobalSection
	GlobalSection(ExtensibilityGlobals) = postSolution
		SolutionGuid = {FC426E0D-76F2-41AA-814F-6EFFD3C79C74}
	EndGlobalSection
EndGlobal
