
Microsoft Visual Studio Solution File, Format Version 12.00
# Visual Studio 15
VisualStudioVersion = 15.0.26730.12
MinimumVisualStudioVersion = 10.0.40219.1
Project("{8BC9CEB8-8B4A-11D0-8D11-00A0C91BC942}") = "Assessed_Practical4", "Assessed_Practical4\Assessed_Practical4.vcxproj", "{DB3DE4C6-4CFF-4F02-B70E-9DFC91963282}"
EndProject
Global
	GlobalSection(SolutionConfigurationPlatforms) = preSolution
		Debug|x64 = Debug|x64
		Debug|x86 = Debug|x86
		Release|x64 = Release|x64
		Release|x86 = Release|x86
	EndGlobalSection
	GlobalSection(ProjectConfigurationPlatforms) = postSolution
		{DB3DE4C6-4CFF-4F02-B70E-9DFC91963282}.Debug|x64.ActiveCfg = Debug|x64
		{DB3DE4C6-4CFF-4F02-B70E-9DFC91963282}.Debug|x64.Build.0 = Debug|x64
		{DB3DE4C6-4CFF-4F02-B70E-9DFC91963282}.Debug|x86.ActiveCfg = Debug|Win32
		{DB3DE4C6-4CFF-4F02-B70E-9DFC91963282}.Debug|x86.Build.0 = Debug|Win32
		{DB3DE4C6-4CFF-4F02-B70E-9DFC91963282}.Release|x64.ActiveCfg = Release|x64
		{DB3DE4C6-4CFF-4F02-B70E-9DFC91963282}.Release|x64.Build.0 = Release|x64
		{DB3DE4C6-4CFF-4F02-B70E-9DFC91963282}.Release|x86.ActiveCfg = Release|Win32
		{DB3DE4C6-4CFF-4F02-B70E-9DFC91963282}.Release|x86.Build.0 = Release|Win32
	EndGlobalSection
	GlobalSection(SolutionProperties) = preSolution
		HideSolutionNode = FALSE
	EndGlobalSection
	GlobalSection(ExtensibilityGlobals) = postSolution
		SolutionGuid = {EFCDB92F-1F9F-4B85-8DD7-1910D036111E}
	EndGlobalSection
EndGlobal
