
Microsoft Visual Studio Solution File, Format Version 12.00
# Visual Studio 15
VisualStudioVersion = 15.0.26730.12
MinimumVisualStudioVersion = 10.0.40219.1
Project("{8BC9CEB8-8B4A-11D0-8D11-00A0C91BC942}") = "Part 1", "Practical 10\Practical 10.vcxproj", "{A59B682D-330A-4953-AE71-8CC87E5B0FC7}"
EndProject
Project("{8BC9CEB8-8B4A-11D0-8D11-00A0C91BC942}") = "Part 3 Quick Sort", "Part 3 Quick Sort\Part 2.vcxproj", "{5C4C4BD1-44D2-4530-9B73-0AB7138F7B2B}"
EndProject
Project("{8BC9CEB8-8B4A-11D0-8D11-00A0C91BC942}") = "Part 2 Insertion Sort", "Part 2 Insertion Sort\Part 2 Insertion Sort.vcxproj", "{8259EF5B-CCD4-47DF-9443-14FEC877D83C}"
EndProject
Global
	GlobalSection(SolutionConfigurationPlatforms) = preSolution
		Debug|x64 = Debug|x64
		Debug|x86 = Debug|x86
		Release|x64 = Release|x64
		Release|x86 = Release|x86
	EndGlobalSection
	GlobalSection(ProjectConfigurationPlatforms) = postSolution
		{A59B682D-330A-4953-AE71-8CC87E5B0FC7}.Debug|x64.ActiveCfg = Debug|x64
		{A59B682D-330A-4953-AE71-8CC87E5B0FC7}.Debug|x64.Build.0 = Debug|x64
		{A59B682D-330A-4953-AE71-8CC87E5B0FC7}.Debug|x86.ActiveCfg = Debug|Win32
		{A59B682D-330A-4953-AE71-8CC87E5B0FC7}.Debug|x86.Build.0 = Debug|Win32
		{A59B682D-330A-4953-AE71-8CC87E5B0FC7}.Release|x64.ActiveCfg = Release|x64
		{A59B682D-330A-4953-AE71-8CC87E5B0FC7}.Release|x64.Build.0 = Release|x64
		{A59B682D-330A-4953-AE71-8CC87E5B0FC7}.Release|x86.ActiveCfg = Release|Win32
		{A59B682D-330A-4953-AE71-8CC87E5B0FC7}.Release|x86.Build.0 = Release|Win32
		{5C4C4BD1-44D2-4530-9B73-0AB7138F7B2B}.Debug|x64.ActiveCfg = Debug|x64
		{5C4C4BD1-44D2-4530-9B73-0AB7138F7B2B}.Debug|x64.Build.0 = Debug|x64
		{5C4C4BD1-44D2-4530-9B73-0AB7138F7B2B}.Debug|x86.ActiveCfg = Debug|Win32
		{5C4C4BD1-44D2-4530-9B73-0AB7138F7B2B}.Debug|x86.Build.0 = Debug|Win32
		{5C4C4BD1-44D2-4530-9B73-0AB7138F7B2B}.Release|x64.ActiveCfg = Release|x64
		{5C4C4BD1-44D2-4530-9B73-0AB7138F7B2B}.Release|x64.Build.0 = Release|x64
		{5C4C4BD1-44D2-4530-9B73-0AB7138F7B2B}.Release|x86.ActiveCfg = Release|Win32
		{5C4C4BD1-44D2-4530-9B73-0AB7138F7B2B}.Release|x86.Build.0 = Release|Win32
		{8259EF5B-CCD4-47DF-9443-14FEC877D83C}.Debug|x64.ActiveCfg = Debug|x64
		{8259EF5B-CCD4-47DF-9443-14FEC877D83C}.Debug|x64.Build.0 = Debug|x64
		{8259EF5B-CCD4-47DF-9443-14FEC877D83C}.Debug|x86.ActiveCfg = Debug|Win32
		{8259EF5B-CCD4-47DF-9443-14FEC877D83C}.Debug|x86.Build.0 = Debug|Win32
		{8259EF5B-CCD4-47DF-9443-14FEC877D83C}.Release|x64.ActiveCfg = Release|x64
		{8259EF5B-CCD4-47DF-9443-14FEC877D83C}.Release|x64.Build.0 = Release|x64
		{8259EF5B-CCD4-47DF-9443-14FEC877D83C}.Release|x86.ActiveCfg = Release|Win32
		{8259EF5B-CCD4-47DF-9443-14FEC877D83C}.Release|x86.Build.0 = Release|Win32
	EndGlobalSection
	GlobalSection(SolutionProperties) = preSolution
		HideSolutionNode = FALSE
	EndGlobalSection
	GlobalSection(ExtensibilityGlobals) = postSolution
		SolutionGuid = {D3B78613-89AF-43E8-B74B-6B872C0AE2D2}
	EndGlobalSection
EndGlobal
