
Microsoft Visual Studio Solution File, Format Version 12.00
# Visual Studio 15
VisualStudioVersion = 15.0.26730.12
MinimumVisualStudioVersion = 10.0.40219.1
Project("{8BC9CEB8-8B4A-11D0-8D11-00A0C91BC942}") = "Assessed_Practical3", "Assessed_Practical3\Assessed_Practical3.vcxproj", "{E690BC37-6F64-4BF0-B4F7-A130F4E0F404}"
EndProject
Global
	GlobalSection(SolutionConfigurationPlatforms) = preSolution
		Debug|x64 = Debug|x64
		Debug|x86 = Debug|x86
		Release|x64 = Release|x64
		Release|x86 = Release|x86
	EndGlobalSection
	GlobalSection(ProjectConfigurationPlatforms) = postSolution
		{E690BC37-6F64-4BF0-B4F7-A130F4E0F404}.Debug|x64.ActiveCfg = Debug|x64
		{E690BC37-6F64-4BF0-B4F7-A130F4E0F404}.Debug|x64.Build.0 = Debug|x64
		{E690BC37-6F64-4BF0-B4F7-A130F4E0F404}.Debug|x86.ActiveCfg = Debug|Win32
		{E690BC37-6F64-4BF0-B4F7-A130F4E0F404}.Debug|x86.Build.0 = Debug|Win32
		{E690BC37-6F64-4BF0-B4F7-A130F4E0F404}.Release|x64.ActiveCfg = Release|x64
		{E690BC37-6F64-4BF0-B4F7-A130F4E0F404}.Release|x64.Build.0 = Release|x64
		{E690BC37-6F64-4BF0-B4F7-A130F4E0F404}.Release|x86.ActiveCfg = Release|Win32
		{E690BC37-6F64-4BF0-B4F7-A130F4E0F404}.Release|x86.Build.0 = Release|Win32
	EndGlobalSection
	GlobalSection(SolutionProperties) = preSolution
		HideSolutionNode = FALSE
	EndGlobalSection
	GlobalSection(ExtensibilityGlobals) = postSolution
		SolutionGuid = {40C79C05-A329-40E7-8910-59CA3F541266}
	EndGlobalSection
EndGlobal
